Microsoft Visual Studio Solution File, Format Version 11.00
# Visual Studio 2008

Project("{FC539E90-62B5-AFD3-5C38-8D006CAAFC49}") = "Pour", "Assembly-CSharp.csproj", "{597EAF5A-9CD3-D546-2905-F2CE70C2351A}"
EndProject
Global
	GlobalSection(SolutionConfigurationPlatforms) = preSolution
		Debug|Any CPU = Debug|Any CPU
		Release|Any CPU = Release|Any CPU
	EndGlobalSection
	GlobalSection(ProjectConfigurationPlatforms) = postSolution
		{597EAF5A-9CD3-D546-2905-F2CE70C2351A}.Debug|Any CPU.ActiveCfg = Debug|Any CPU
		{597EAF5A-9CD3-D546-2905-F2CE70C2351A}.Debug|Any CPU.Build.0 = Debug|Any CPU
		{597EAF5A-9CD3-D546-2905-F2CE70C2351A}.Release|Any CPU.ActiveCfg = Release|Any CPU
		{597EAF5A-9CD3-D546-2905-F2CE70C2351A}.Release|Any CPU.Build.0 = Release|Any CPU
	EndGlobalSection
	GlobalSection(SolutionProperties) = preSolution
		HideSolutionNode = FALSE
	EndGlobalSection
	GlobalSection(MonoDevelopProperties) = preSolution
		StartupItem = Assembly-CSharp.csproj
	EndGlobalSection
EndGlobal
